
Microsoft Visual Studio Solution File, Format Version 12.00
# Visual Studio 15
VisualStudioVersion = 15.0.27004.2008
MinimumVisualStudioVersion = 10.0.40219.1
Project("{FAE04EC0-301F-11D3-BF4B-00C04F79EFBC}") = "Gateway To NTR Converter", "Gateway To NTR Converter\Gateway To NTR Converter.csproj", "{D57473F0-7790-4877-BC2F-B7229E53EC3B}"
EndProject
Global
	GlobalSection(SolutionConfigurationPlatforms) = preSolution
		Debug|Any CPU = Debug|Any CPU
		Release|Any CPU = Release|Any CPU
	EndGlobalSection
	GlobalSection(ProjectConfigurationPlatforms) = postSolution
		{D57473F0-7790-4877-BC2F-B7229E53EC3B}.Debug|Any CPU.ActiveCfg = Debug|Any CPU
		{D57473F0-7790-4877-BC2F-B7229E53EC3B}.Debug|Any CPU.Build.0 = Debug|Any CPU
		{D57473F0-7790-4877-BC2F-B7229E53EC3B}.Release|Any CPU.ActiveCfg = Release|Any CPU
		{D57473F0-7790-4877-BC2F-B7229E53EC3B}.Release|Any CPU.Build.0 = Release|Any CPU
	EndGlobalSection
	GlobalSection(SolutionProperties) = preSolution
		HideSolutionNode = FALSE
	EndGlobalSection
	GlobalSection(ExtensibilityGlobals) = postSolution
		SolutionGuid = {6AAC9A13-FFD7-45A2-ACDF-6D1965ED38A8}
	EndGlobalSection
EndGlobal
